
Microsoft Visual Studio Solution File, Format Version 12.00
# Visual Studio Version 16
VisualStudioVersion = 16.0.30225.117
MinimumVisualStudioVersion = 10.0.40219.1
Project("{FAE04EC0-301F-11D3-BF4B-00C04F79EFBC}") = "EntityFramework", "EntityFramework.csproj", "{5BD21D02-6295-4854-B5EE-D48A5DA557DC}"
EndProject
Global
	GlobalSection(SolutionConfigurationPlatforms) = preSolution
		Debug|Any CPU = Debug|Any CPU
		Release|Any CPU = Release|Any CPU
	EndGlobalSection
	GlobalSection(ProjectConfigurationPlatforms) = postSolution
		{5BD21D02-6295-4854-B5EE-D48A5DA557DC}.Debug|Any CPU.ActiveCfg = Debug|Any CPU
		{5BD21D02-6295-4854-B5EE-D48A5DA557DC}.Debug|Any CPU.Build.0 = Debug|Any CPU
		{5BD21D02-6295-4854-B5EE-D48A5DA557DC}.Release|Any CPU.ActiveCfg = Release|Any CPU
		{5BD21D02-6295-4854-B5EE-D48A5DA557DC}.Release|Any CPU.Build.0 = Release|Any CPU
	EndGlobalSection
	GlobalSection(SolutionProperties) = preSolution
		HideSolutionNode = FALSE
	EndGlobalSection
	GlobalSection(ExtensibilityGlobals) = postSolution
		SolutionGuid = {6F82881E-B629-42AA-AC4E-850D58767277}
	EndGlobalSection
EndGlobal
